
Microsoft Visual Studio Solution File, Format Version 12.00
# Visual Studio Version 16
VisualStudioVersion = 16.0.30523.141
MinimumVisualStudioVersion = 10.0.40219.1
Project("{9A19103F-16F7-4668-BE54-9A1E7A4F7556}") = "SCAWeb.Gateway", "SCAWeb.Gateway\SCAWeb.Gateway.csproj", "{7C52B657-3079-4564-8F04-551E551AC547}"
EndProject
Project("{9A19103F-16F7-4668-BE54-9A1E7A4F7556}") = "SCAWeb.Auth", "SCAWeb.Auth\SCAWeb.Auth.csproj", "{EFB22E19-E416-49F7-A1DB-14F0B863A7F9}"
EndProject
Project("{9A19103F-16F7-4668-BE54-9A1E7A4F7556}") = "SCAWeb.Service.Ativos", "SCAWeb.Service.Ativos\SCAWeb.Service.Ativos.csproj", "{759B6941-72ED-405F-A356-152FFB90E5A8}"
EndProject
Project("{9A19103F-16F7-4668-BE54-9A1E7A4F7556}") = "SCAWeb.Service.Monitoramento", "SCAWeb.Service.Monitoramento\SCAWeb.Service.Monitoramento.csproj", "{75339C05-7A0B-42D3-AD10-820CC5578405}"
EndProject
Global
	GlobalSection(SolutionConfigurationPlatforms) = preSolution
		Debug|Any CPU = Debug|Any CPU
		Release|Any CPU = Release|Any CPU
	EndGlobalSection
	GlobalSection(ProjectConfigurationPlatforms) = postSolution
		{7C52B657-3079-4564-8F04-551E551AC547}.Debug|Any CPU.ActiveCfg = Debug|Any CPU
		{7C52B657-3079-4564-8F04-551E551AC547}.Debug|Any CPU.Build.0 = Debug|Any CPU
		{7C52B657-3079-4564-8F04-551E551AC547}.Release|Any CPU.ActiveCfg = Release|Any CPU
		{7C52B657-3079-4564-8F04-551E551AC547}.Release|Any CPU.Build.0 = Release|Any CPU
		{EFB22E19-E416-49F7-A1DB-14F0B863A7F9}.Debug|Any CPU.ActiveCfg = Debug|Any CPU
		{EFB22E19-E416-49F7-A1DB-14F0B863A7F9}.Debug|Any CPU.Build.0 = Debug|Any CPU
		{EFB22E19-E416-49F7-A1DB-14F0B863A7F9}.Release|Any CPU.ActiveCfg = Release|Any CPU
		{EFB22E19-E416-49F7-A1DB-14F0B863A7F9}.Release|Any CPU.Build.0 = Release|Any CPU
		{759B6941-72ED-405F-A356-152FFB90E5A8}.Debug|Any CPU.ActiveCfg = Debug|Any CPU
		{759B6941-72ED-405F-A356-152FFB90E5A8}.Debug|Any CPU.Build.0 = Debug|Any CPU
		{759B6941-72ED-405F-A356-152FFB90E5A8}.Release|Any CPU.ActiveCfg = Release|Any CPU
		{759B6941-72ED-405F-A356-152FFB90E5A8}.Release|Any CPU.Build.0 = Release|Any CPU
		{75339C05-7A0B-42D3-AD10-820CC5578405}.Debug|Any CPU.ActiveCfg = Debug|Any CPU
		{75339C05-7A0B-42D3-AD10-820CC5578405}.Debug|Any CPU.Build.0 = Debug|Any CPU
		{75339C05-7A0B-42D3-AD10-820CC5578405}.Release|Any CPU.ActiveCfg = Release|Any CPU
		{75339C05-7A0B-42D3-AD10-820CC5578405}.Release|Any CPU.Build.0 = Release|Any CPU
	EndGlobalSection
	GlobalSection(SolutionProperties) = preSolution
		HideSolutionNode = FALSE
	EndGlobalSection
	GlobalSection(ExtensibilityGlobals) = postSolution
		SolutionGuid = {A06D55DD-DB41-482C-8967-13DCB1CAC631}
	EndGlobalSection
EndGlobal
